
Microsoft Visual Studio Solution File, Format Version 12.00
Project("{FAE04EC0-301F-11D3-BF4B-00C04F79EFBC}") = "MarsRoverConsole", "MarsRoverConsole\MarsRoverConsole.csproj", "{16F70009-6FD7-4005-909A-6C6729C27E0E}"
EndProject
Global
	GlobalSection(SolutionConfigurationPlatforms) = preSolution
		Debug|Any CPU = Debug|Any CPU
		Release|Any CPU = Release|Any CPU
	EndGlobalSection
	GlobalSection(ProjectConfigurationPlatforms) = postSolution
		{16F70009-6FD7-4005-909A-6C6729C27E0E}.Debug|Any CPU.ActiveCfg = Debug|Any CPU
		{16F70009-6FD7-4005-909A-6C6729C27E0E}.Debug|Any CPU.Build.0 = Debug|Any CPU
		{16F70009-6FD7-4005-909A-6C6729C27E0E}.Release|Any CPU.ActiveCfg = Release|Any CPU
		{16F70009-6FD7-4005-909A-6C6729C27E0E}.Release|Any CPU.Build.0 = Release|Any CPU
	EndGlobalSection
EndGlobal
